// !$*UTF8*$!
{
	archiveVersion = 1;
	classes = {
	};
	objectVersion = 46;
	objects = {

/* Begin PBXBuildFile section */
		48685DC71C8AA5A700E61842 /* AppDelegate.swift in Sources */ = {isa = PBXBuildFile; fileRef = 48685DC61C8AA5A700E61842 /* AppDelegate.swift */; };
		48685DCC1C8AA5A700E61842 /* Main.storyboard in Resources */ = {isa = PBXBuildFile; fileRef = 48685DCA1C8AA5A700E61842 /* Main.storyboard */; };
		48685DCE1C8AA5A700E61842 /* Assets.xcassets in Resources */ = {isa = PBXBuildFile; fileRef = 48685DCD1C8AA5A700E61842 /* Assets.xcassets */; };
		48685DD11C8AA5A700E61842 /* LaunchScreen.storyboard in Resources */ = {isa = PBXBuildFile; fileRef = 48685DCF1C8AA5A700E61842 /* LaunchScreen.storyboard */; };
		48685DDC1C8AA5A700E61842 /* NSCoderPracticeTests.swift in Sources */ = {isa = PBXBuildFile; fileRef = 48685DDB1C8AA5A700E61842 /* NSCoderPracticeTests.swift */; };
		48685DE71C8AA5A700E61842 /* NSCoderPracticeUITests.swift in Sources */ = {isa = PBXBuildFile; fileRef = 48685DE61C8AA5A700E61842 /* NSCoderPracticeUITests.swift */; };
		48685DF51C8AA69D00E61842 /* PeopleTableViewController.swift in Sources */ = {isa = PBXBuildFile; fileRef = 48685DF41C8AA69D00E61842 /* PeopleTableViewController.swift */; };
		48685DF91C8AA8D900E61842 /* Person.swift in Sources */ = {isa = PBXBuildFile; fileRef = 48685DF81C8AA8D900E61842 /* Person.swift */; };
		48685DFB1C8AAA5300E61842 /* NewPersonViewController.swift in Sources */ = {isa = PBXBuildFile; fileRef = 48685DFA1C8AAA5300E61842 /* NewPersonViewController.swift */; };
/* End PBXBuildFile section */

/* Begin PBXContainerItemProxy section */
		48685DD81C8AA5A700E61842 /* PBXContainerItemProxy */ = {
			isa = PBXContainerItemProxy;
			containerPortal = 48685DBB1C8AA5A700E61842 /* Project object */;
			proxyType = 1;
			remoteGlobalIDString = 48685DC21C8AA5A700E61842;
			remoteInfo = NSCoderPractice;
		};
		48685DE31C8AA5A700E61842 /* PBXContainerItemProxy */ = {
			isa = PBXContainerItemProxy;
			containerPortal = 48685DBB1C8AA5A700E61842 /* Project object */;
			proxyType = 1;
			remoteGlobalIDString = 48685DC21C8AA5A700E61842;
			remoteInfo = NSCoderPractice;
		};
/* End PBXContainerItemProxy section */

/* Begin PBXFileReference section */
		48685DC31C8AA5A700E61842 /* NSCoderPractice.app */ = {isa = PBXFileReference; explicitFileType = wrapper.application; includeInIndex = 0; path = NSCoderPractice.app; sourceTree = BUILT_PRODUCTS_DIR; };
		48685DC61C8AA5A700E61842 /* AppDelegate.swift */ = {isa = PBXFileReference; lastKnownFileType = sourcecode.swift; path = AppDelegate.swift; sourceTree = "<group>"; };
		48685DCB1C8AA5A700E61842 /* Base */ = {isa = PBXFileReference; lastKnownFileType = file.storyboard; name = Base; path = Base.lproj/Main.storyboard; sourceTree = "<group>"; };
		48685DCD1C8AA5A700E61842 /* Assets.xcassets */ = {isa = PBXFileReference; lastKnownFileType = folder.assetcatalog; path = Assets.xcassets; sourceTree = "<group>"; };
		48685DD01C8AA5A700E61842 /* Base */ = {isa = PBXFileReference; lastKnownFileType = file.storyboard; name = Base; path = Base.lproj/LaunchScreen.storyboard; sourceTree = "<group>"; };
		48685DD21C8AA5A700E61842 /* Info.plist */ = {isa = PBXFileReference; lastKnownFileType = text.plist.xml; path = Info.plist; sourceTree = "<group>"; };
		48685DD71C8AA5A700E61842 /* NSCoderPracticeTests.xctest */ = {isa = PBXFileReference; explicitFileType = wrapper.cfbundle; includeInIndex = 0; path = NSCoderPracticeTests.xctest; sourceTree = BUILT_PRODUCTS_DIR; };
		48685DDB1C8AA5A700E61842 /* NSCoderPracticeTests.swift */ = {isa = PBXFileReference; lastKnownFileType = sourcecode.swift; path = NSCoderPracticeTests.swift; sourceTree = "<group>"; };
		48685DDD1C8AA5A700E61842 /* Info.plist */ = {isa = PBXFileReference; lastKnownFileType = text.plist.xml; path = Info.plist; sourceTree = "<group>"; };
		48685DE21C8AA5A700E61842 /* NSCoderPracticeUITests.xctest */ = {isa = PBXFileReference; explicitFileType = wrapper.cfbundle; includeInIndex = 0; path = NSCoderPracticeUITests.xctest; sourceTree = BUILT_PRODUCTS_DIR; };
		48685DE61C8AA5A700E61842 /* NSCoderPracticeUITests.swift */ = {isa = PBXFileReference; lastKnownFileType = sourcecode.swift; path = NSCoderPracticeUITests.swift; sourceTree = "<group>"; };
		48685DE81C8AA5A700E61842 /* Info.plist */ = {isa = PBXFileReference; lastKnownFileType = text.plist.xml; path = Info.plist; sourceTree = "<group>"; };
		48685DF41C8AA69D00E61842 /* PeopleTableViewController.swift */ = {isa = PBXFileReference; fileEncoding = 4; lastKnownFileType = sourcecode.swift; name = PeopleTableViewController.swift; path = ../PeopleTableViewController.swift; sourceTree = "<group>"; };
		48685DF81C8AA8D900E61842 /* Person.swift */ = {isa = PBXFileReference; fileEncoding = 4; lastKnownFileType = sourcecode.swift; path = Person.swift; sourceTree = "<group>"; };
		48685DFA1C8AAA5300E61842 /* NewPersonViewController.swift */ = {isa = PBXFileReference; fileEncoding = 4; lastKnownFileType = sourcecode.swift; path = NewPersonViewController.swift; sourceTree = "<group>"; };
/* End PBXFileReference section */

/* Begin PBXFrameworksBuildPhase section */
		48685DC01C8AA5A700E61842 /* Frameworks */ = {
			isa = PBXFrameworksBuildPhase;
			buildActionMask = 2147483647;
			files = (
			);
			runOnlyForDeploymentPostprocessing = 0;
		};
		48685DD41C8AA5A700E61842 /* Frameworks */ = {
			isa = PBXFrameworksBuildPhase;
			buildActionMask = 2147483647;
			files = (
			);
			runOnlyForDeploymentPostprocessing = 0;
		};
		48685DDF1C8AA5A700E61842 /* Frameworks */ = {
			isa = PBXFrameworksBuildPhase;
			buildActionMask = 2147483647;
			files = (
			);
			runOnlyForDeploymentPostprocessing = 0;
		};
/* End PBXFrameworksBuildPhase section */

/* Begin PBXGroup section */
		48685DBA1C8AA5A700E61842 = {
			isa = PBXGroup;
			children = (
				48685DC51C8AA5A700E61842 /* NSCoderPractice */,
				48685DDA1C8AA5A700E61842 /* NSCoderPracticeTests */,
				48685DE51C8AA5A700E61842 /* NSCoderPracticeUITests */,
				48685DC41C8AA5A700E61842 /* Products */,
			);
			sourceTree = "<group>";
		};
		48685DC41C8AA5A700E61842 /* Products */ = {
			isa = PBXGroup;
			children = (
				48685DC31C8AA5A700E61842 /* NSCoderPractice.app */,
				48685DD71C8AA5A700E61842 /* NSCoderPracticeTests.xctest */,
				48685DE21C8AA5A700E61842 /* NSCoderPracticeUITests.xctest */,
			);
			name = Products;
			sourceTree = "<group>";
		};
		48685DC51C8AA5A700E61842 /* NSCoderPractice */ = {
			isa = PBXGroup;
			children = (
				48685DC61C8AA5A700E61842 /* AppDelegate.swift */,
				48685DCA1C8AA5A700E61842 /* Main.storyboard */,
				48685DFA1C8AAA5300E61842 /* NewPersonViewController.swift */,
				48685DF41C8AA69D00E61842 /* PeopleTableViewController.swift */,
				48685DF81C8AA8D900E61842 /* Person.swift */,
				48685DCD1C8AA5A700E61842 /* Assets.xcassets */,
				48685DCF1C8AA5A700E61842 /* LaunchScreen.storyboard */,
				48685DD21C8AA5A700E61842 /* Info.plist */,
			);
			path = NSCoderPractice;
			sourceTree = "<group>";
		};
		48685DDA1C8AA5A700E61842 /* NSCoderPracticeTests */ = {
			isa = PBXGroup;
			children = (
				48685DDB1C8AA5A700E61842 /* NSCoderPracticeTests.swift */,
				48685DDD1C8AA5A700E61842 /* Info.plist */,
			);
			path = NSCoderPracticeTests;
			sourceTree = "<group>";
		};
		48685DE51C8AA5A700E61842 /* NSCoderPracticeUITests */ = {
			isa = PBXGroup;
			children = (
				48685DE61C8AA5A700E61842 /* NSCoderPracticeUITests.swift */,
				48685DE81C8AA5A700E61842 /* Info.plist */,
			);
			path = NSCoderPracticeUITests;
			sourceTree = "<group>";
		};
/* End PBXGroup section */

/* Begin PBXNativeTarget section */
		48685DC21C8AA5A700E61842 /* NSCoderPractice */ = {
			isa = PBXNativeTarget;
			buildConfigurationList = 48685DEB1C8AA5A700E61842 /* Build configuration list for PBXNativeTarget "NSCoderPractice" */;
			buildPhases = (
				48685DBF1C8AA5A700E61842 /* Sources */,
				48685DC01C8AA5A700E61842 /* Frameworks */,
				48685DC11C8AA5A700E61842 /* Resources */,
			);
			buildRules = (
			);
			dependencies = (
			);
			name = NSCoderPractice;
			productName = NSCoderPractice;
			productReference = 48685DC31C8AA5A700E61842 /* NSCoderPractice.app */;
			productType = "com.apple.product-type.application";
		};
		48685DD61C8AA5A700E61842 /* NSCoderPracticeTests */ = {
			isa = PBXNativeTarget;
			buildConfigurationList = 48685DEE1C8AA5A700E61842 /* Build configuration list for PBXNativeTarget "NSCoderPracticeTests" */;
			buildPhases = (
				48685DD31C8AA5A700E61842 /* Sources */,
				48685DD41C8AA5A700E61842 /* Frameworks */,
				48685DD51C8AA5A700E61842 /* Resources */,
			);
			buildRules = (
			);
			dependencies = (
				48685DD91C8AA5A700E61842 /* PBXTargetDependency */,
			);
			name = NSCoderPracticeTests;
			productName = NSCoderPracticeTests;
			productReference = 48685DD71C8AA5A700E61842 /* NSCoderPracticeTests.xctest */;
			productType = "com.apple.product-type.bundle.unit-test";
		};
		48685DE11C8AA5A700E61842 /* NSCoderPracticeUITests */ = {
			isa = PBXNativeTarget;
			buildConfigurationList = 48685DF11C8AA5A700E61842 /* Build configuration list for PBXNativeTarget "NSCoderPracticeUITests" */;
			buildPhases = (
				48685DDE1C8AA5A700E61842 /* Sources */,
				48685DDF1C8AA5A700E61842 /* Frameworks */,
				48685DE01C8AA5A700E61842 /* Resources */,
			);
			buildRules = (
			);
			dependencies = (
				48685DE41C8AA5A700E61842 /* PBXTargetDependency */,
			);
			name = NSCoderPracticeUITests;
			productName = NSCoderPracticeUITests;
			productReference = 48685DE21C8AA5A700E61842 /* NSCoderPracticeUITests.xctest */;
			productType = "com.apple.product-type.bundle.ui-testing";
		};
/* End PBXNativeTarget section */

/* Begin PBXProject section */
		48685DBB1C8AA5A700E61842 /* Project object */ = {
			isa = PBXProject;
			attributes = {
				LastSwiftUpdateCheck = 0720;
				LastUpgradeCheck = 0720;
				ORGANIZATIONNAME = MxMd;
				TargetAttributes = {
					48685DC21C8AA5A700E61842 = {
						CreatedOnToolsVersion = 7.2;
					};
					48685DD61C8AA5A700E61842 = {
						CreatedOnToolsVersion = 7.2;
						TestTargetID = 48685DC21C8AA5A700E61842;
					};
					48685DE11C8AA5A700E61842 = {
						CreatedOnToolsVersion = 7.2;
						TestTargetID = 48685DC21C8AA5A700E61842;
					};
				};
			};
			buildConfigurationList = 48685DBE1C8AA5A700E61842 /* Build configuration list for PBXProject "NSCoderPractice" */;
			compatibilityVersion = "Xcode 3.2";
			developmentRegion = English;
			hasScannedForEncodings = 0;
			knownRegions = (
				en,
				Base,
			);
			mainGroup = 48685DBA1C8AA5A700E61842;
			productRefGroup = 48685DC41C8AA5A700E61842 /* Products */;
			projectDirPath = "";
			projectRoot = "";
			targets = (
				48685DC21C8AA5A700E61842 /* NSCoderPractice */,
				48685DD61C8AA5A700E61842 /* NSCoderPracticeTests */,
				48685DE11C8AA5A700E61842 /* NSCoderPracticeUITests */,
			);
		};
/* End PBXProject section */

/* Begin PBXResourcesBuildPhase section */
		48685DC11C8AA5A700E61842 /* Resources */ = {
			isa = PBXResourcesBuildPhase;
			buildActionMask = 2147483647;
			files = (
				48685DD11C8AA5A700E61842 /* LaunchScreen.storyboard in Resources */,
				48685DCE1C8AA5A700E61842 /* Assets.xcassets in Resources */,
				48685DCC1C8AA5A700E61842 /* Main.storyboard in Resources */,
			);
			runOnlyForDeploymentPostprocessing = 0;
		};
		48685DD51C8AA5A700E61842 /* Resources */ = {
			isa = PBXResourcesBuildPhase;
			buildActionMask = 2147483647;
			files = (
			);
			runOnlyForDeploymentPostprocessing = 0;
		};
		48685DE01C8AA5A700E61842 /* Resources */ = {
			isa = PBXResourcesBuildPhase;
			buildActionMask = 2147483647;
			files = (
			);
			runOnlyForDeploymentPostprocessing = 0;
		};
/* End PBXResourcesBuildPhase section */

/* Begin PBXSourcesBuildPhase section */
		48685DBF1C8AA5A700E61842 /* Sources */ = {
			isa = PBXSourcesBuildPhase;
			buildActionMask = 2147483647;
			files = (
				48685DFB1C8AAA5300E61842 /* NewPersonViewController.swift in Sources */,
				48685DF51C8AA69D00E61842 /* PeopleTableViewController.swift in Sources */,
				48685DF91C8AA8D900E61842 /* Person.swift in Sources */,
				48685DC71C8AA5A700E61842 /* AppDelegate.swift in Sources */,
			);
			runOnlyForDeploymentPostprocessing = 0;
		};
		48685DD31C8AA5A700E61842 /* Sources */ = {
			isa = PBXSourcesBuildPhase;
			buildActionMask = 2147483647;
			files = (
				48685DDC1C8AA5A700E61842 /* NSCoderPracticeTests.swift in Sources */,
			);
			runOnlyForDeploymentPostprocessing = 0;
		};
		48685DDE1C8AA5A700E61842 /* Sources */ = {
			isa = PBXSourcesBuildPhase;
			buildActionMask = 2147483647;
			files = (
				48685DE71C8AA5A700E61842 /* NSCoderPracticeUITests.swift in Sources */,
			);
			runOnlyForDeploymentPostprocessing = 0;
		};
/* End PBXSourcesBuildPhase section */

/* Begin PBXTargetDependency section */
		48685DD91C8AA5A700E61842 /* PBXTargetDependency */ = {
			isa = PBXTargetDependency;
			target = 48685DC21C8AA5A700E61842 /* NSCoderPractice */;
			targetProxy = 48685DD81C8AA5A700E61842 /* PBXContainerItemProxy */;
		};
		48685DE41C8AA5A700E61842 /* PBXTargetDependency */ = {
			isa = PBXTargetDependency;
			target = 48685DC21C8AA5A700E61842 /* NSCoderPractice */;
			targetProxy = 48685DE31C8AA5A700E61842 /* PBXContainerItemProxy */;
		};
/* End PBXTargetDependency section */

/* Begin PBXVariantGroup section */
		48685DCA1C8AA5A700E61842 /* Main.storyboard */ = {
			isa = PBXVariantGroup;
			children = (
				48685DCB1C8AA5A700E61842 /* Base */,
			);
			name = Main.storyboard;
			sourceTree = "<group>";
		};
		48685DCF1C8AA5A700E61842 /* LaunchScreen.storyboard */ = {
			isa = PBXVariantGroup;
			children = (
				48685DD01C8AA5A700E61842 /* Base */,
			);
			name = LaunchScreen.storyboard;
			sourceTree = "<group>";
		};
/* End PBXVariantGroup section */

/* Begin XCBuildConfiguration section */
		48685DE91C8AA5A700E61842 /* Debug */ = {
			isa = XCBuildConfiguration;
			buildSettings = {
				ALWAYS_SEARCH_USER_PATHS = NO;
				CLANG_CXX_LANGUAGE_STANDARD = "gnu++0x";
				CLANG_CXX_LIBRARY = "libc++";
				CLANG_ENABLE_MODULES = YES;
				CLANG_ENABLE_OBJC_ARC = YES;
				CLANG_WARN_BOOL_CONVERSION = YES;
				CLANG_WARN_CONSTANT_CONVERSION = YES;
				CLANG_WARN_DIRECT_OBJC_ISA_USAGE = YES_ERROR;
				CLANG_WARN_EMPTY_BODY = YES;
				CLANG_WARN_ENUM_CONVERSION = YES;
				CLANG_WARN_INT_CONVERSION = YES;
				CLANG_WARN_OBJC_ROOT_CLASS = YES_ERROR;
				CLANG_WARN_UNREACHABLE_CODE = YES;
				CLANG_WARN__DUPLICATE_METHOD_MATCH = YES;
				"CODE_SIGN_IDENTITY[sdk=iphoneos*]" = "iPhone Developer";
				COPY_PHASE_STRIP = NO;
				DEBUG_INFORMATION_FORMAT = dwarf;
				ENABLE_STRICT_OBJC_MSGSEND = YES;
				ENABLE_TESTABILITY = YES;
				GCC_C_LANGUAGE_STANDARD = gnu99;
				GCC_DYNAMIC_NO_PIC = NO;
				GCC_NO_COMMON_BLOCKS = YES;
				GCC_OPTIMIZATION_LEVEL = 0;
				GCC_PREPROCESSOR_DEFINITIONS = (
					"DEBUG=1",
					"$(inherited)",
				);
				GCC_WARN_64_TO_32_BIT_CONVERSION = YES;
				GCC_WARN_ABOUT_RETURN_TYPE = YES_ERROR;
				GCC_WARN_UNDECLARED_SELECTOR = YES;
				GCC_WARN_UNINITIALIZED_AUTOS = YES_AGGRESSIVE;
				GCC_WARN_UNUSED_FUNCTION = YES;
				GCC_WARN_UNUSED_VARIABLE = YES;
				IPHONEOS_DEPLOYMENT_TARGET = 9.2;
				MTL_ENABLE_DEBUG_INFO = YES;
				ONLY_ACTIVE_ARCH = YES;
				SDKROOT = iphoneos;
				SWIFT_OPTIMIZATION_LEVEL = "-Onone";
			};
			name = Debug;
		};
		48685DEA1C8AA5A700E61842 /* Release */ = {
			isa = XCBuildConfiguration;
			buildSettings = {
				ALWAYS_SEARCH_USER_PATHS = NO;
				CLANG_CXX_LANGUAGE_STANDARD = "gnu++0x";
				CLANG_CXX_LIBRARY = "libc++";
				CLANG_ENABLE_MODULES = YES;
				CLANG_ENABLE_OBJC_ARC = YES;
				CLANG_WARN_BOOL_CONVERSION = YES;
				CLANG_WARN_CONSTANT_CONVERSION = YES;
				CLANG_WARN_DIRECT_OBJC_ISA_USAGE = YES_ERROR;
				CLANG_WARN_EMPTY_BODY = YES;
				CLANG_WARN_ENUM_CONVERSION = YES;
				CLANG_WARN_INT_CONVERSION = YES;
				CLANG_WARN_OBJC_ROOT_CLASS = YES_ERROR;
				CLANG_WARN_UNREACHABLE_CODE = YES;
				CLANG_WARN__DUPLICATE_METHOD_MATCH = YES;
				"CODE_SIGN_IDENTITY[sdk=iphoneos*]" = "iPhone Developer";
				COPY_PHASE_STRIP = NO;
				DEBUG_INFORMATION_FORMAT = "dwarf-with-dsym";
				ENABLE_NS_ASSERTIONS = NO;
				ENABLE_STRICT_OBJC_MSGSEND = YES;
				GCC_C_LANGUAGE_STANDARD = gnu99;
				GCC_NO_COMMON_BLOCKS = YES;
				GCC_WARN_64_TO_32_BIT_CONVERSION = YES;
				GCC_WARN_ABOUT_RETURN_TYPE = YES_ERROR;
				GCC_WARN_UNDECLARED_SELECTOR = YES;
				GCC_WARN_UNINITIALIZED_AUTOS = YES_AGGRESSIVE;
				GCC_WARN_UNUSED_FUNCTION = YES;
				GCC_WARN_UNUSED_VARIABLE = YES;
				IPHONEOS_DEPLOYMENT_TARGET = 9.2;
				MTL_ENABLE_DEBUG_INFO = NO;
				SDKROOT = iphoneos;
				VALIDATE_PRODUCT = YES;
			};
			name = Release;
		};
		48685DEC1C8AA5A700E61842 /* Debug */ = {
			isa = XCBuildConfiguration;
			buildSettings = {
				ASSETCATALOG_COMPILER_APPICON_NAME = AppIcon;
				INFOPLIST_FILE = NSCoderPractice/Info.plist;
				LD_RUNPATH_SEARCH_PATHS = "$(inherited) @executable_path/Frameworks";
				PRODUCT_BUNDLE_IDENTIFIER = mehdisalemi.NSCoderPractice;
				PRODUCT_NAME = "$(TARGET_NAME)";
			};
			name = Debug;
		};
		48685DED1C8AA5A700E61842 /* Release */ = {
			isa = XCBuildConfiguration;
			buildSettings = {
				ASSETCATALOG_COMPILER_APPICON_NAME = AppIcon;
				INFOPLIST_FILE = NSCoderPractice/Info.plist;
				LD_RUNPATH_SEARCH_PATHS = "$(inherited) @executable_path/Frameworks";
				PRODUCT_BUNDLE_IDENTIFIER = mehdisalemi.NSCoderPractice;
				PRODUCT_NAME = "$(TARGET_NAME)";
			};
			name = Release;
		};
		48685DEF1C8AA5A700E61842 /* Debug */ = {
			isa = XCBuildConfiguration;
			buildSettings = {
				BUNDLE_LOADER = "$(TEST_HOST)";
				INFOPLIST_FILE = NSCoderPracticeTests/Info.plist;
				LD_RUNPATH_SEARCH_PATHS = "$(inherited) @executable_path/Frameworks @loader_path/Frameworks";
				PRODUCT_BUNDLE_IDENTIFIER = mehdisalemi.NSCoderPracticeTests;
				PRODUCT_NAME = "$(TARGET_NAME)";
				TEST_HOST = "$(BUILT_PRODUCTS_DIR)/NSCoderPractice.app/NSCoderPractice";
			};
			name = Debug;
		};
		48685DF01C8AA5A700E61842 /* Release */ = {
			isa = XCBuildConfiguration;
			buildSettings = {
				BUNDLE_LOADER = "$(TEST_HOST)";
				INFOPLIST_FILE = NSCoderPracticeTests/Info.plist;
				LD_RUNPATH_SEARCH_PATHS = "$(inherited) @executable_path/Frameworks @loader_path/Frameworks";
				PRODUCT_BUNDLE_IDENTIFIER = mehdisalemi.NSCoderPracticeTests;
				PRODUCT_NAME = "$(TARGET_NAME)";
				TEST_HOST = "$(BUILT_PRODUCTS_DIR)/NSCoderPractice.app/NSCoderPractice";
			};
			name = Release;
		};
		48685DF21C8AA5A700E61842 /* Debug */ = {
			isa = XCBuildConfiguration;
			buildSettings = {
				INFOPLIST_FILE = NSCoderPracticeUITests/Info.plist;
				LD_RUNPATH_SEARCH_PATHS = "$(inherited) @executable_path/Frameworks @loader_path/Frameworks";
				PRODUCT_BUNDLE_IDENTIFIER = mehdisalemi.NSCoderPracticeUITests;
				PRODUCT_NAME = "$(TARGET_NAME)";
				TEST_TARGET_NAME = NSCoderPractice;
				USES_XCTRUNNER = YES;
			};
			name = Debug;
		};
		48685DF31C8AA5A700E61842 /* Release */ = {
			isa = XCBuildConfiguration;
			buildSettings = {
				INFOPLIST_FILE = NSCoderPracticeUITests/Info.plist;
				LD_RUNPATH_SEARCH_PATHS = "$(inherited) @executable_path/Frameworks @loader_path/Frameworks";
				PRODUCT_BUNDLE_IDENTIFIER = mehdisalemi.NSCoderPracticeUITests;
				PRODUCT_NAME = "$(TARGET_NAME)";
				TEST_TARGET_NAME = NSCoderPractice;
				USES_XCTRUNNER = YES;
			};
			name = Release;
		};
/* End XCBuildConfiguration section */

/* Begin XCConfigurationList section */
		48685DBE1C8AA5A700E61842 /* Build configuration list for PBXProject "NSCoderPractice" */ = {
			isa = XCConfigurationList;
			buildConfigurations = (
				48685DE91C8AA5A700E61842 /* Debug */,
				48685DEA1C8AA5A700E61842 /* Release */,
			);
			defaultConfigurationIsVisible = 0;
			defaultConfigurationName = Release;
		};
		48685DEB1C8AA5A700E61842 /* Build configuration list for PBXNativeTarget "NSCoderPractice" */ = {
			isa = XCConfigurationList;
			buildConfigurations = (
				48685DEC1C8AA5A700E61842 /* Debug */,
				48685DED1C8AA5A700E61842 /* Release */,
			);
			defaultConfigurationIsVisible = 0;
		};
		48685DEE1C8AA5A700E61842 /* Build configuration list for PBXNativeTarget "NSCoderPracticeTests" */ = {
			isa = XCConfigurationList;
			buildConfigurations = (
				48685DEF1C8AA5A700E61842 /* Debug */,
				48685DF01C8AA5A700E61842 /* Release */,
			);
			defaultConfigurationIsVisible = 0;
		};
		48685DF11C8AA5A700E61842 /* Build configuration list for PBXNativeTarget "NSCoderPracticeUITests" */ = {
			isa = XCConfigurationList;
			buildConfigurations = (
				48685DF21C8AA5A700E61842 /* Debug */,
				48685DF31C8AA5A700E61842 /* Release */,
			);
			defaultConfigurationIsVisible = 0;
		};
/* End XCConfigurationList section */
	};
	rootObject = 48685DBB1C8AA5A700E61842 /* Project object */;
}
